
Microsoft Visual Studio Solution File, Format Version 12.00
# Visual Studio Version 17
VisualStudioVersion = 17.2.32526.322
MinimumVisualStudioVersion = 10.0.40219.1
Project("{9A19103F-16F7-4668-BE54-9A1E7A4F7556}") = "EnumeratingDisplays", "EnumeratingDisplays\EnumeratingDisplays.csproj", "{3DA7656F-6519-46C9-AD7B-769DBA368845}"
EndProject
Project("{FAE04EC0-301F-11D3-BF4B-00C04F79EFBC}") = "DisplayLib", "DisplayLib\DisplayLib.csproj", "{A7AB2CB6-698F-43DC-9FD7-1218E55BDBDE}"
EndProject
Global
	GlobalSection(SolutionConfigurationPlatforms) = preSolution
		Debug|Any CPU = Debug|Any CPU
		Release|Any CPU = Release|Any CPU
	EndGlobalSection
	GlobalSection(ProjectConfigurationPlatforms) = postSolution
		{3DA7656F-6519-46C9-AD7B-769DBA368845}.Debug|Any CPU.ActiveCfg = Debug|Any CPU
		{3DA7656F-6519-46C9-AD7B-769DBA368845}.Debug|Any CPU.Build.0 = Debug|Any CPU
		{3DA7656F-6519-46C9-AD7B-769DBA368845}.Release|Any CPU.ActiveCfg = Release|Any CPU
		{3DA7656F-6519-46C9-AD7B-769DBA368845}.Release|Any CPU.Build.0 = Release|Any CPU
		{A7AB2CB6-698F-43DC-9FD7-1218E55BDBDE}.Debug|Any CPU.ActiveCfg = Debug|Any CPU
		{A7AB2CB6-698F-43DC-9FD7-1218E55BDBDE}.Debug|Any CPU.Build.0 = Debug|Any CPU
		{A7AB2CB6-698F-43DC-9FD7-1218E55BDBDE}.Release|Any CPU.ActiveCfg = Release|Any CPU
		{A7AB2CB6-698F-43DC-9FD7-1218E55BDBDE}.Release|Any CPU.Build.0 = Release|Any CPU
	EndGlobalSection
	GlobalSection(SolutionProperties) = preSolution
		HideSolutionNode = FALSE
	EndGlobalSection
	GlobalSection(ExtensibilityGlobals) = postSolution
		SolutionGuid = {F8D685D6-CF3C-48C8-859C-15152DB79B27}
	EndGlobalSection
EndGlobal
